
Microsoft Visual Studio Solution File, Format Version 12.00
# Visual Studio Version 17
VisualStudioVersion = 17.3.32811.315
MinimumVisualStudioVersion = 10.0.40219.1
Project("{9A19103F-16F7-4668-BE54-9A1E7A4F7556}") = "SwimStoreApi", "SwimStoreApi\SwimStoreApi.csproj", "{1ABB327C-20CA-470C-8B47-EA5C2BC57AB7}"
EndProject
Project("{9A19103F-16F7-4668-BE54-9A1E7A4F7556}") = "SwimStoreData", "SwimStoreData\SwimStoreData.csproj", "{40EF220F-56B0-4FED-919B-2CBBF39980E7}"
EndProject
Project("{2150E333-8FDC-42A3-9474-1A3956D46DE8}") = "Solution Items", "Solution Items", "{E5A16F35-0CFA-4E98-BF20-8ADF49EC7A0C}"
	ProjectSection(SolutionItems) = preProject
		.editorconfig = .editorconfig
	EndProjectSection
EndProject
Global
	GlobalSection(SolutionConfigurationPlatforms) = preSolution
		Debug|Any CPU = Debug|Any CPU
		Release|Any CPU = Release|Any CPU
	EndGlobalSection
	GlobalSection(ProjectConfigurationPlatforms) = postSolution
		{1ABB327C-20CA-470C-8B47-EA5C2BC57AB7}.Debug|Any CPU.ActiveCfg = Debug|Any CPU
		{1ABB327C-20CA-470C-8B47-EA5C2BC57AB7}.Debug|Any CPU.Build.0 = Debug|Any CPU
		{1ABB327C-20CA-470C-8B47-EA5C2BC57AB7}.Release|Any CPU.ActiveCfg = Release|Any CPU
		{1ABB327C-20CA-470C-8B47-EA5C2BC57AB7}.Release|Any CPU.Build.0 = Release|Any CPU
		{40EF220F-56B0-4FED-919B-2CBBF39980E7}.Debug|Any CPU.ActiveCfg = Debug|Any CPU
		{40EF220F-56B0-4FED-919B-2CBBF39980E7}.Debug|Any CPU.Build.0 = Debug|Any CPU
		{40EF220F-56B0-4FED-919B-2CBBF39980E7}.Release|Any CPU.ActiveCfg = Release|Any CPU
		{40EF220F-56B0-4FED-919B-2CBBF39980E7}.Release|Any CPU.Build.0 = Release|Any CPU
	EndGlobalSection
	GlobalSection(SolutionProperties) = preSolution
		HideSolutionNode = FALSE
	EndGlobalSection
	GlobalSection(ExtensibilityGlobals) = postSolution
		SolutionGuid = {D3C847C1-2273-422B-BE1E-5CEF2EBF8774}
	EndGlobalSection
EndGlobal
